
Microsoft Visual Studio Solution File, Format Version 12.00
# Visual Studio 15
VisualStudioVersion = 15.0.28307.489
MinimumVisualStudioVersion = 10.0.40219.1
Project("{9A19103F-16F7-4668-BE54-9A1E7A4F7556}") = "NbSites.Common", "NbSites.Common\NbSites.Common.csproj", "{D95E6B5C-E940-4CDF-B319-8E77092774F0}"
EndProject
Project("{9A19103F-16F7-4668-BE54-9A1E7A4F7556}") = "NbSites.Web", "NbSites.Web\NbSites.Web.csproj", "{AAAF8E79-201E-4E12-BEFA-C4E75A2D3994}"
EndProject
Project("{2150E333-8FDC-42A3-9474-1A3956D46DE8}") = "docs", "docs", "{0C0B01ED-1F12-4A07-A98D-A44E667528A4}"
	ProjectSection(SolutionItems) = preProject
		..\readme.md = ..\readme.md
	EndProjectSection
EndProject
Project("{9A19103F-16F7-4668-BE54-9A1E7A4F7556}") = "NbSites.Common.Test", "NbSites.Common.Test\NbSites.Common.Test.csproj", "{C515EEEF-E47B-4B35-81D7-64E9CAB37B5E}"
EndProject
Project("{2150E333-8FDC-42A3-9474-1A3956D46DE8}") = "common", "common", "{39A01B0E-7C27-4FE4-921F-F70A0D9AA554}"
EndProject
Project("{2150E333-8FDC-42A3-9474-1A3956D46DE8}") = "areas", "areas", "{6FB5B0BF-E13F-4D3F-93C0-DB8504AB12B0}"
EndProject
Project("{2150E333-8FDC-42A3-9474-1A3956D46DE8}") = "tools", "tools", "{83401240-1896-437B-B9FC-0600D640492D}"
EndProject
Global
	GlobalSection(SolutionConfigurationPlatforms) = preSolution
		Debug|Any CPU = Debug|Any CPU
		Release|Any CPU = Release|Any CPU
	EndGlobalSection
	GlobalSection(ProjectConfigurationPlatforms) = postSolution
		{D95E6B5C-E940-4CDF-B319-8E77092774F0}.Debug|Any CPU.ActiveCfg = Debug|Any CPU
		{D95E6B5C-E940-4CDF-B319-8E77092774F0}.Debug|Any CPU.Build.0 = Debug|Any CPU
		{D95E6B5C-E940-4CDF-B319-8E77092774F0}.Release|Any CPU.ActiveCfg = Release|Any CPU
		{D95E6B5C-E940-4CDF-B319-8E77092774F0}.Release|Any CPU.Build.0 = Release|Any CPU
		{AAAF8E79-201E-4E12-BEFA-C4E75A2D3994}.Debug|Any CPU.ActiveCfg = Debug|Any CPU
		{AAAF8E79-201E-4E12-BEFA-C4E75A2D3994}.Debug|Any CPU.Build.0 = Debug|Any CPU
		{AAAF8E79-201E-4E12-BEFA-C4E75A2D3994}.Release|Any CPU.ActiveCfg = Release|Any CPU
		{AAAF8E79-201E-4E12-BEFA-C4E75A2D3994}.Release|Any CPU.Build.0 = Release|Any CPU
		{C515EEEF-E47B-4B35-81D7-64E9CAB37B5E}.Debug|Any CPU.ActiveCfg = Debug|Any CPU
		{C515EEEF-E47B-4B35-81D7-64E9CAB37B5E}.Debug|Any CPU.Build.0 = Debug|Any CPU
		{C515EEEF-E47B-4B35-81D7-64E9CAB37B5E}.Release|Any CPU.ActiveCfg = Release|Any CPU
		{C515EEEF-E47B-4B35-81D7-64E9CAB37B5E}.Release|Any CPU.Build.0 = Release|Any CPU
	EndGlobalSection
	GlobalSection(SolutionProperties) = preSolution
		HideSolutionNode = FALSE
	EndGlobalSection
	GlobalSection(NestedProjects) = preSolution
		{D95E6B5C-E940-4CDF-B319-8E77092774F0} = {39A01B0E-7C27-4FE4-921F-F70A0D9AA554}
		{C515EEEF-E47B-4B35-81D7-64E9CAB37B5E} = {39A01B0E-7C27-4FE4-921F-F70A0D9AA554}
	EndGlobalSection
	GlobalSection(ExtensibilityGlobals) = postSolution
		SolutionGuid = {C15D5D5A-B1FB-4C85-954D-9F6A8F3D52F7}
	EndGlobalSection
EndGlobal
